// !$*UTF8*$!
{
	archiveVersion = 1;
	classes = {
	};
	objectVersion = 56;
	objects = {

/* Begin PBXBuildFile section */
		A80490C62AAD552D00CA8079 /* ProgressCircle.swift in Sources */ = {isa = PBXBuildFile; fileRef = A80490C52AAD552D00CA8079 /* ProgressCircle.swift */; };
		A80490C82AADE44300CA8079 /* SettingsView.swift in Sources */ = {isa = PBXBuildFile; fileRef = A80490C72AADE44300CA8079 /* SettingsView.swift */; };
		A81B2AEF2B3139B600DBEFA4 /* Step.swift in Sources */ = {isa = PBXBuildFile; fileRef = A81B2AEE2B3139B600DBEFA4 /* Step.swift */; };
		A81B2AF22B31898C00DBEFA4 /* Distance.swift in Sources */ = {isa = PBXBuildFile; fileRef = A81B2AF12B31898C00DBEFA4 /* Distance.swift */; };
		A83873AB2B05063000378B9E /* ListView.swift in Sources */ = {isa = PBXBuildFile; fileRef = A83873AA2B05063000378B9E /* ListView.swift */; };
		A85B75D42A926B4500F218F6 /* StepsApp.swift in Sources */ = {isa = PBXBuildFile; fileRef = A85B75D32A926B4500F218F6 /* StepsApp.swift */; };
		A85B75D62A926B4500F218F6 /* ContentView.swift in Sources */ = {isa = PBXBuildFile; fileRef = A85B75D52A926B4500F218F6 /* ContentView.swift */; };
		A85B75DA2A926B4800F218F6 /* Assets.xcassets in Resources */ = {isa = PBXBuildFile; fileRef = A85B75D92A926B4800F218F6 /* Assets.xcassets */; };
		A85B75DD2A926B4800F218F6 /* Preview Assets.xcassets in Resources */ = {isa = PBXBuildFile; fileRef = A85B75DC2A926B4800F218F6 /* Preview Assets.xcassets */; };
		A85B75E62A926E2F00F218F6 /* HealthDataService.swift in Sources */ = {isa = PBXBuildFile; fileRef = A85B75E52A926E2F00F218F6 /* HealthDataService.swift */; };
		A85B75EC2A92B70B00F218F6 /* InfoDashboardView.swift in Sources */ = {isa = PBXBuildFile; fileRef = A85B75EB2A92B70B00F218F6 /* InfoDashboardView.swift */; };
		A85B75F22A92BC8D00F218F6 /* Utilities.swift in Sources */ = {isa = PBXBuildFile; fileRef = A85B75F12A92BC8D00F218F6 /* Utilities.swift */; };
		A85C6C142AABF0E0000CB5EE /* ChartView.swift in Sources */ = {isa = PBXBuildFile; fileRef = A85C6C132AABF0E0000CB5EE /* ChartView.swift */; };
		A87C52102B2BE9F000D9A8EC /* HealthDataViewModel.swift in Sources */ = {isa = PBXBuildFile; fileRef = A87C520F2B2BE9F000D9A8EC /* HealthDataViewModel.swift */; };
		A87C52122B2BEB5E00D9A8EC /* HealthDataModel.swift in Sources */ = {isa = PBXBuildFile; fileRef = A87C52112B2BEB5E00D9A8EC /* HealthDataModel.swift */; };
		A8AC34192B30F75E008320F0 /* Junk in Resources */ = {isa = PBXBuildFile; fileRef = A8AC34182B30F75E008320F0 /* Junk */; };
		A8D3C5F42AEEC345008D4B43 /* Settings.swift in Sources */ = {isa = PBXBuildFile; fileRef = A8D3C5F32AEEC345008D4B43 /* Settings.swift */; };
/* End PBXBuildFile section */

/* Begin PBXCopyFilesBuildPhase section */
		A8A886762ABBD910006C21ED /* Embed Watch Content */ = {
			isa = PBXCopyFilesBuildPhase;
			buildActionMask = 2147483647;
			dstPath = "$(CONTENTS_FOLDER_PATH)/Watch";
			dstSubfolderSpec = 16;
			files = (
			);
			name = "Embed Watch Content";
			runOnlyForDeploymentPostprocessing = 0;
		};
/* End PBXCopyFilesBuildPhase section */

/* Begin PBXFileReference section */
		A80490C52AAD552D00CA8079 /* ProgressCircle.swift */ = {isa = PBXFileReference; lastKnownFileType = sourcecode.swift; path = ProgressCircle.swift; sourceTree = "<group>"; };
		A80490C72AADE44300CA8079 /* SettingsView.swift */ = {isa = PBXFileReference; lastKnownFileType = sourcecode.swift; path = SettingsView.swift; sourceTree = "<group>"; };
		A81B2AEE2B3139B600DBEFA4 /* Step.swift */ = {isa = PBXFileReference; lastKnownFileType = sourcecode.swift; path = Step.swift; sourceTree = "<group>"; };
		A81B2AF12B31898C00DBEFA4 /* Distance.swift */ = {isa = PBXFileReference; lastKnownFileType = sourcecode.swift; path = Distance.swift; sourceTree = "<group>"; };
		A83873AA2B05063000378B9E /* ListView.swift */ = {isa = PBXFileReference; lastKnownFileType = sourcecode.swift; path = ListView.swift; sourceTree = "<group>"; };
		A85B75D02A926B4500F218F6 /* Steps.app */ = {isa = PBXFileReference; explicitFileType = wrapper.application; includeInIndex = 0; path = Steps.app; sourceTree = BUILT_PRODUCTS_DIR; };
		A85B75D32A926B4500F218F6 /* StepsApp.swift */ = {isa = PBXFileReference; lastKnownFileType = sourcecode.swift; path = StepsApp.swift; sourceTree = "<group>"; };
		A85B75D52A926B4500F218F6 /* ContentView.swift */ = {isa = PBXFileReference; lastKnownFileType = sourcecode.swift; path = ContentView.swift; sourceTree = "<group>"; };
		A85B75D92A926B4800F218F6 /* Assets.xcassets */ = {isa = PBXFileReference; lastKnownFileType = folder.assetcatalog; path = Assets.xcassets; sourceTree = "<group>"; };
		A85B75DC2A926B4800F218F6 /* Preview Assets.xcassets */ = {isa = PBXFileReference; lastKnownFileType = folder.assetcatalog; path = "Preview Assets.xcassets"; sourceTree = "<group>"; };
		A85B75DE2A926B4800F218F6 /* Steps.entitlements */ = {isa = PBXFileReference; lastKnownFileType = text.plist.entitlements; path = Steps.entitlements; sourceTree = "<group>"; };
		A85B75DF2A926B4800F218F6 /* Info.plist */ = {isa = PBXFileReference; lastKnownFileType = text.plist.xml; path = Info.plist; sourceTree = "<group>"; };
		A85B75E52A926E2F00F218F6 /* HealthDataService.swift */ = {isa = PBXFileReference; lastKnownFileType = sourcecode.swift; path = HealthDataService.swift; sourceTree = "<group>"; };
		A85B75EB2A92B70B00F218F6 /* InfoDashboardView.swift */ = {isa = PBXFileReference; lastKnownFileType = sourcecode.swift; path = InfoDashboardView.swift; sourceTree = "<group>"; };
		A85B75F12A92BC8D00F218F6 /* Utilities.swift */ = {isa = PBXFileReference; lastKnownFileType = sourcecode.swift; path = Utilities.swift; sourceTree = "<group>"; };
		A85C6C132AABF0E0000CB5EE /* ChartView.swift */ = {isa = PBXFileReference; lastKnownFileType = sourcecode.swift; path = ChartView.swift; sourceTree = "<group>"; };
		A87C520F2B2BE9F000D9A8EC /* HealthDataViewModel.swift */ = {isa = PBXFileReference; lastKnownFileType = sourcecode.swift; path = HealthDataViewModel.swift; sourceTree = "<group>"; };
		A87C52112B2BEB5E00D9A8EC /* HealthDataModel.swift */ = {isa = PBXFileReference; lastKnownFileType = sourcecode.swift; path = HealthDataModel.swift; sourceTree = "<group>"; };
		A8AC34182B30F75E008320F0 /* Junk */ = {isa = PBXFileReference; lastKnownFileType = text; path = Junk; sourceTree = "<group>"; };
		A8D3C5F32AEEC345008D4B43 /* Settings.swift */ = {isa = PBXFileReference; lastKnownFileType = sourcecode.swift; path = Settings.swift; sourceTree = "<group>"; };
/* End PBXFileReference section */

/* Begin PBXFrameworksBuildPhase section */
		A85B75CD2A926B4500F218F6 /* Frameworks */ = {
			isa = PBXFrameworksBuildPhase;
			buildActionMask = 2147483647;
			files = (
			);
			runOnlyForDeploymentPostprocessing = 0;
		};
/* End PBXFrameworksBuildPhase section */

/* Begin PBXGroup section */
		A85AEFE62B2A08EA002E412C /* Models */ = {
			isa = PBXGroup;
			children = (
				A87C52112B2BEB5E00D9A8EC /* HealthDataModel.swift */,
				A87C520F2B2BE9F000D9A8EC /* HealthDataViewModel.swift */,
				A8D3C5F32AEEC345008D4B43 /* Settings.swift */,
				A81B2AEE2B3139B600DBEFA4 /* Step.swift */,
				A81B2AF12B31898C00DBEFA4 /* Distance.swift */,
			);
			path = Models;
			sourceTree = "<group>";
		};
		A85AEFE92B2A0B65002E412C /* DataServices */ = {
			isa = PBXGroup;
			children = (
				A85B75E52A926E2F00F218F6 /* HealthDataService.swift */,
			);
			path = DataServices;
			sourceTree = "<group>";
		};
		A85AEFF02B2AA6CF002E412C /* Views */ = {
			isa = PBXGroup;
			children = (
				A85B75D52A926B4500F218F6 /* ContentView.swift */,
				A85C6C132AABF0E0000CB5EE /* ChartView.swift */,
				A85B75EB2A92B70B00F218F6 /* InfoDashboardView.swift */,
				A83873AA2B05063000378B9E /* ListView.swift */,
				A80490C52AAD552D00CA8079 /* ProgressCircle.swift */,
				A80490C72AADE44300CA8079 /* SettingsView.swift */,
			);
			path = Views;
			sourceTree = "<group>";
		};
		A85B75C72A926B4500F218F6 = {
			isa = PBXGroup;
			children = (
				A85B75D22A926B4500F218F6 /* Steps */,
				A85B75D12A926B4500F218F6 /* Products */,
			);
			sourceTree = "<group>";
		};
		A85B75D12A926B4500F218F6 /* Products */ = {
			isa = PBXGroup;
			children = (
				A85B75D02A926B4500F218F6 /* Steps.app */,
			);
			name = Products;
			sourceTree = "<group>";
		};
		A85B75D22A926B4500F218F6 /* Steps */ = {
			isa = PBXGroup;
			children = (
				A85B75D32A926B4500F218F6 /* StepsApp.swift */,
				A85AEFF02B2AA6CF002E412C /* Views */,
				A85AEFE92B2A0B65002E412C /* DataServices */,
				A85AEFE62B2A08EA002E412C /* Models */,
				A85B75F12A92BC8D00F218F6 /* Utilities.swift */,
				A8AC34182B30F75E008320F0 /* Junk */,
				A85B75D92A926B4800F218F6 /* Assets.xcassets */,
				A85B75DE2A926B4800F218F6 /* Steps.entitlements */,
				A85B75DF2A926B4800F218F6 /* Info.plist */,
				A85B75DB2A926B4800F218F6 /* Preview Content */,
			);
			path = Steps;
			sourceTree = "<group>";
		};
		A85B75DB2A926B4800F218F6 /* Preview Content */ = {
			isa = PBXGroup;
			children = (
				A85B75DC2A926B4800F218F6 /* Preview Assets.xcassets */,
			);
			path = "Preview Content";
			sourceTree = "<group>";
		};
/* End PBXGroup section */

/* Begin PBXNativeTarget section */
		A85B75CF2A926B4500F218F6 /* Steps */ = {
			isa = PBXNativeTarget;
			buildConfigurationList = A85B75E22A926B4800F218F6 /* Build configuration list for PBXNativeTarget "Steps" */;
			buildPhases = (
				A85B75CC2A926B4500F218F6 /* Sources */,
				A85B75CD2A926B4500F218F6 /* Frameworks */,
				A85B75CE2A926B4500F218F6 /* Resources */,
				A8A886762ABBD910006C21ED /* Embed Watch Content */,
			);
			buildRules = (
			);
			dependencies = (
			);
			name = Steps;
			productName = Steps;
			productReference = A85B75D02A926B4500F218F6 /* Steps.app */;
			productType = "com.apple.product-type.application";
		};
/* End PBXNativeTarget section */

/* Begin PBXProject section */
		A85B75C82A926B4500F218F6 /* Project object */ = {
			isa = PBXProject;
			attributes = {
				BuildIndependentTargetsInParallel = 1;
				LastSwiftUpdateCheck = 1500;
				LastUpgradeCheck = 1500;
				TargetAttributes = {
					A85B75CF2A926B4500F218F6 = {
						CreatedOnToolsVersion = 15.0;
					};
				};
			};
			buildConfigurationList = A85B75CB2A926B4500F218F6 /* Build configuration list for PBXProject "Steps" */;
			compatibilityVersion = "Xcode 14.0";
			developmentRegion = en;
			hasScannedForEncodings = 0;
			knownRegions = (
				en,
				Base,
			);
			mainGroup = A85B75C72A926B4500F218F6;
			productRefGroup = A85B75D12A926B4500F218F6 /* Products */;
			projectDirPath = "";
			projectRoot = "";
			targets = (
				A85B75CF2A926B4500F218F6 /* Steps */,
			);
		};
/* End PBXProject section */

/* Begin PBXResourcesBuildPhase section */
		A85B75CE2A926B4500F218F6 /* Resources */ = {
			isa = PBXResourcesBuildPhase;
			buildActionMask = 2147483647;
			files = (
				A85B75DD2A926B4800F218F6 /* Preview Assets.xcassets in Resources */,
				A85B75DA2A926B4800F218F6 /* Assets.xcassets in Resources */,
				A8AC34192B30F75E008320F0 /* Junk in Resources */,
			);
			runOnlyForDeploymentPostprocessing = 0;
		};
/* End PBXResourcesBuildPhase section */

/* Begin PBXSourcesBuildPhase section */
		A85B75CC2A926B4500F218F6 /* Sources */ = {
			isa = PBXSourcesBuildPhase;
			buildActionMask = 2147483647;
			files = (
				A85B75D62A926B4500F218F6 /* ContentView.swift in Sources */,
				A85B75F22A92BC8D00F218F6 /* Utilities.swift in Sources */,
				A81B2AF22B31898C00DBEFA4 /* Distance.swift in Sources */,
				A85C6C142AABF0E0000CB5EE /* ChartView.swift in Sources */,
				A80490C82AADE44300CA8079 /* SettingsView.swift in Sources */,
				A8D3C5F42AEEC345008D4B43 /* Settings.swift in Sources */,
				A85B75E62A926E2F00F218F6 /* HealthDataService.swift in Sources */,
				A87C52122B2BEB5E00D9A8EC /* HealthDataModel.swift in Sources */,
				A80490C62AAD552D00CA8079 /* ProgressCircle.swift in Sources */,
				A85B75EC2A92B70B00F218F6 /* InfoDashboardView.swift in Sources */,
				A87C52102B2BE9F000D9A8EC /* HealthDataViewModel.swift in Sources */,
				A83873AB2B05063000378B9E /* ListView.swift in Sources */,
				A81B2AEF2B3139B600DBEFA4 /* Step.swift in Sources */,
				A85B75D42A926B4500F218F6 /* StepsApp.swift in Sources */,
			);
			runOnlyForDeploymentPostprocessing = 0;
		};
/* End PBXSourcesBuildPhase section */

/* Begin XCBuildConfiguration section */
		A85B75E02A926B4800F218F6 /* Debug */ = {
			isa = XCBuildConfiguration;
			buildSettings = {
				ALWAYS_SEARCH_USER_PATHS = NO;
				ASSETCATALOG_COMPILER_GENERATE_SWIFT_ASSET_SYMBOL_EXTENSIONS = YES;
				CLANG_ANALYZER_NONNULL = YES;
				CLANG_ANALYZER_NUMBER_OBJECT_CONVERSION = YES_AGGRESSIVE;
				CLANG_CXX_LANGUAGE_STANDARD = "gnu++20";
				CLANG_ENABLE_MODULES = YES;
				CLANG_ENABLE_OBJC_ARC = YES;
				CLANG_ENABLE_OBJC_WEAK = YES;
				CLANG_WARN_BLOCK_CAPTURE_AUTORELEASING = YES;
				CLANG_WARN_BOOL_CONVERSION = YES;
				CLANG_WARN_COMMA = YES;
				CLANG_WARN_CONSTANT_CONVERSION = YES;
				CLANG_WARN_DEPRECATED_OBJC_IMPLEMENTATIONS = YES;
				CLANG_WARN_DIRECT_OBJC_ISA_USAGE = YES_ERROR;
				CLANG_WARN_DOCUMENTATION_COMMENTS = YES;
				CLANG_WARN_EMPTY_BODY = YES;
				CLANG_WARN_ENUM_CONVERSION = YES;
				CLANG_WARN_INFINITE_RECURSION = YES;
				CLANG_WARN_INT_CONVERSION = YES;
				CLANG_WARN_NON_LITERAL_NULL_CONVERSION = YES;
				CLANG_WARN_OBJC_IMPLICIT_RETAIN_SELF = YES;
				CLANG_WARN_OBJC_LITERAL_CONVERSION = YES;
				CLANG_WARN_OBJC_ROOT_CLASS = YES_ERROR;
				CLANG_WARN_QUOTED_INCLUDE_IN_FRAMEWORK_HEADER = YES;
				CLANG_WARN_RANGE_LOOP_ANALYSIS = YES;
				CLANG_WARN_STRICT_PROTOTYPES = YES;
				CLANG_WARN_SUSPICIOUS_MOVE = YES;
				CLANG_WARN_UNGUARDED_AVAILABILITY = YES_AGGRESSIVE;
				CLANG_WARN_UNREACHABLE_CODE = YES;
				CLANG_WARN__DUPLICATE_METHOD_MATCH = YES;
				COPY_PHASE_STRIP = NO;
				DEBUG_INFORMATION_FORMAT = dwarf;
				ENABLE_STRICT_OBJC_MSGSEND = YES;
				ENABLE_TESTABILITY = YES;
				ENABLE_USER_SCRIPT_SANDBOXING = YES;
				GCC_C_LANGUAGE_STANDARD = gnu17;
				GCC_DYNAMIC_NO_PIC = NO;
				GCC_NO_COMMON_BLOCKS = YES;
				GCC_OPTIMIZATION_LEVEL = 0;
				GCC_PREPROCESSOR_DEFINITIONS = (
					"DEBUG=1",
					"$(inherited)",
				);
				GCC_WARN_64_TO_32_BIT_CONVERSION = YES;
				GCC_WARN_ABOUT_RETURN_TYPE = YES_ERROR;
				GCC_WARN_UNDECLARED_SELECTOR = YES;
				GCC_WARN_UNINITIALIZED_AUTOS = YES_AGGRESSIVE;
				GCC_WARN_UNUSED_FUNCTION = YES;
				GCC_WARN_UNUSED_VARIABLE = YES;
				IPHONEOS_DEPLOYMENT_TARGET = 17.0;
				LOCALIZATION_PREFERS_STRING_CATALOGS = YES;
				MTL_ENABLE_DEBUG_INFO = INCLUDE_SOURCE;
				MTL_FAST_MATH = YES;
				ONLY_ACTIVE_ARCH = YES;
				SDKROOT = iphoneos;
				SWIFT_ACTIVE_COMPILATION_CONDITIONS = "DEBUG $(inherited)";
				SWIFT_OPTIMIZATION_LEVEL = "-Onone";
			};
			name = Debug;
		};
		A85B75E12A926B4800F218F6 /* Release */ = {
			isa = XCBuildConfiguration;
			buildSettings = {
				ALWAYS_SEARCH_USER_PATHS = NO;
				ASSETCATALOG_COMPILER_GENERATE_SWIFT_ASSET_SYMBOL_EXTENSIONS = YES;
				CLANG_ANALYZER_NONNULL = YES;
				CLANG_ANALYZER_NUMBER_OBJECT_CONVERSION = YES_AGGRESSIVE;
				CLANG_CXX_LANGUAGE_STANDARD = "gnu++20";
				CLANG_ENABLE_MODULES = YES;
				CLANG_ENABLE_OBJC_ARC = YES;
				CLANG_ENABLE_OBJC_WEAK = YES;
				CLANG_WARN_BLOCK_CAPTURE_AUTORELEASING = YES;
				CLANG_WARN_BOOL_CONVERSION = YES;
				CLANG_WARN_COMMA = YES;
				CLANG_WARN_CONSTANT_CONVERSION = YES;
				CLANG_WARN_DEPRECATED_OBJC_IMPLEMENTATIONS = YES;
				CLANG_WARN_DIRECT_OBJC_ISA_USAGE = YES_ERROR;
				CLANG_WARN_DOCUMENTATION_COMMENTS = YES;
				CLANG_WARN_EMPTY_BODY = YES;
				CLANG_WARN_ENUM_CONVERSION = YES;
				CLANG_WARN_INFINITE_RECURSION = YES;
				CLANG_WARN_INT_CONVERSION = YES;
				CLANG_WARN_NON_LITERAL_NULL_CONVERSION = YES;
				CLANG_WARN_OBJC_IMPLICIT_RETAIN_SELF = YES;
				CLANG_WARN_OBJC_LITERAL_CONVERSION = YES;
				CLANG_WARN_OBJC_ROOT_CLASS = YES_ERROR;
				CLANG_WARN_QUOTED_INCLUDE_IN_FRAMEWORK_HEADER = YES;
				CLANG_WARN_RANGE_LOOP_ANALYSIS = YES;
				CLANG_WARN_STRICT_PROTOTYPES = YES;
				CLANG_WARN_SUSPICIOUS_MOVE = YES;
				CLANG_WARN_UNGUARDED_AVAILABILITY = YES_AGGRESSIVE;
				CLANG_WARN_UNREACHABLE_CODE = YES;
				CLANG_WARN__DUPLICATE_METHOD_MATCH = YES;
				COPY_PHASE_STRIP = NO;
				DEBUG_INFORMATION_FORMAT = "dwarf-with-dsym";
				ENABLE_NS_ASSERTIONS = NO;
				ENABLE_STRICT_OBJC_MSGSEND = YES;
				ENABLE_USER_SCRIPT_SANDBOXING = YES;
				GCC_C_LANGUAGE_STANDARD = gnu17;
				GCC_NO_COMMON_BLOCKS = YES;
				GCC_WARN_64_TO_32_BIT_CONVERSION = YES;
				GCC_WARN_ABOUT_RETURN_TYPE = YES_ERROR;
				GCC_WARN_UNDECLARED_SELECTOR = YES;
				GCC_WARN_UNINITIALIZED_AUTOS = YES_AGGRESSIVE;
				GCC_WARN_UNUSED_FUNCTION = YES;
				GCC_WARN_UNUSED_VARIABLE = YES;
				IPHONEOS_DEPLOYMENT_TARGET = 17.0;
				LOCALIZATION_PREFERS_STRING_CATALOGS = YES;
				MTL_ENABLE_DEBUG_INFO = NO;
				MTL_FAST_MATH = YES;
				SDKROOT = iphoneos;
				SWIFT_COMPILATION_MODE = wholemodule;
				VALIDATE_PRODUCT = YES;
			};
			name = Release;
		};
		A85B75E32A926B4800F218F6 /* Debug */ = {
			isa = XCBuildConfiguration;
			buildSettings = {
				ALWAYS_EMBED_SWIFT_STANDARD_LIBRARIES = YES;
				ASSETCATALOG_COMPILER_APPICON_NAME = AppIcon;
				ASSETCATALOG_COMPILER_GLOBAL_ACCENT_COLOR_NAME = AccentColor;
				CODE_SIGN_ENTITLEMENTS = Steps/Steps.entitlements;
				CODE_SIGN_STYLE = Automatic;
				CURRENT_PROJECT_VERSION = 1;
				DEVELOPMENT_ASSET_PATHS = "\"Steps/Preview Content\"";
				DEVELOPMENT_TEAM = 8KD95CCYA7;
				ENABLE_PREVIEWS = YES;
				GENERATE_INFOPLIST_FILE = YES;
				INFOPLIST_FILE = Steps/Info.plist;
				INFOPLIST_KEY_NSHealthShareUsageDescription = "Allow this app to access your health data.";
				INFOPLIST_KEY_NSHealthUpdateUsageDescription = "Allow this app to write health data.";
				INFOPLIST_KEY_UIApplicationSceneManifest_Generation = YES;
				INFOPLIST_KEY_UIApplicationSupportsIndirectInputEvents = YES;
				INFOPLIST_KEY_UILaunchScreen_Generation = YES;
				INFOPLIST_KEY_UIRequiresFullScreen = YES;
				INFOPLIST_KEY_UISupportedInterfaceOrientations = UIInterfaceOrientationPortrait;
				IPHONEOS_DEPLOYMENT_TARGET = 17.0;
				LD_RUNPATH_SEARCH_PATHS = (
					"$(inherited)",
					"@executable_path/Frameworks",
				);
				MARKETING_VERSION = 1.0;
				PRODUCT_BUNDLE_IDENTIFIER = com.UsefulApps.Steps;
				PRODUCT_NAME = "$(TARGET_NAME)";
				SWIFT_EMIT_LOC_STRINGS = YES;
				SWIFT_VERSION = 5.0;
				TARGETED_DEVICE_FAMILY = "1,2";
			};
			name = Debug;
		};
		A85B75E42A926B4800F218F6 /* Release */ = {
			isa = XCBuildConfiguration;
			buildSettings = {
				ALWAYS_EMBED_SWIFT_STANDARD_LIBRARIES = YES;
				ASSETCATALOG_COMPILER_APPICON_NAME = AppIcon;
				ASSETCATALOG_COMPILER_GLOBAL_ACCENT_COLOR_NAME = AccentColor;
				CODE_SIGN_ENTITLEMENTS = Steps/Steps.entitlements;
				CODE_SIGN_STYLE = Automatic;
				CURRENT_PROJECT_VERSION = 1;
				DEVELOPMENT_ASSET_PATHS = "\"Steps/Preview Content\"";
				DEVELOPMENT_TEAM = 8KD95CCYA7;
				ENABLE_PREVIEWS = YES;
				GENERATE_INFOPLIST_FILE = YES;
				INFOPLIST_FILE = Steps/Info.plist;
				INFOPLIST_KEY_NSHealthShareUsageDescription = "Allow this app to access your health data.";
				INFOPLIST_KEY_NSHealthUpdateUsageDescription = "Allow this app to write health data.";
				INFOPLIST_KEY_UIApplicationSceneManifest_Generation = YES;
				INFOPLIST_KEY_UIApplicationSupportsIndirectInputEvents = YES;
				INFOPLIST_KEY_UILaunchScreen_Generation = YES;
				INFOPLIST_KEY_UIRequiresFullScreen = YES;
				INFOPLIST_KEY_UISupportedInterfaceOrientations = UIInterfaceOrientationPortrait;
				IPHONEOS_DEPLOYMENT_TARGET = 17.0;
				LD_RUNPATH_SEARCH_PATHS = (
					"$(inherited)",
					"@executable_path/Frameworks",
				);
				MARKETING_VERSION = 1.0;
				PRODUCT_BUNDLE_IDENTIFIER = com.UsefulApps.Steps;
				PRODUCT_NAME = "$(TARGET_NAME)";
				SWIFT_EMIT_LOC_STRINGS = YES;
				SWIFT_VERSION = 5.0;
				TARGETED_DEVICE_FAMILY = "1,2";
			};
			name = Release;
		};
/* End XCBuildConfiguration section */

/* Begin XCConfigurationList section */
		A85B75CB2A926B4500F218F6 /* Build configuration list for PBXProject "Steps" */ = {
			isa = XCConfigurationList;
			buildConfigurations = (
				A85B75E02A926B4800F218F6 /* Debug */,
				A85B75E12A926B4800F218F6 /* Release */,
			);
			defaultConfigurationIsVisible = 0;
			defaultConfigurationName = Release;
		};
		A85B75E22A926B4800F218F6 /* Build configuration list for PBXNativeTarget "Steps" */ = {
			isa = XCConfigurationList;
			buildConfigurations = (
				A85B75E32A926B4800F218F6 /* Debug */,
				A85B75E42A926B4800F218F6 /* Release */,
			);
			defaultConfigurationIsVisible = 0;
			defaultConfigurationName = Release;
		};
/* End XCConfigurationList section */
	};
	rootObject = A85B75C82A926B4500F218F6 /* Project object */;
}
